
Microsoft Visual Studio Solution File, Format Version 12.00
# Visual Studio Version 16
VisualStudioVersion = 16.0.28803.156
MinimumVisualStudioVersion = 10.0.40219.1
Project("{FAE04EC0-301F-11D3-BF4B-00C04F79EFBC}") = "Overcharged", "Overcharged\Overcharged.csproj", "{3A236307-0A91-4647-9CFC-8CEA34F63107}"
EndProject
Global
	GlobalSection(SolutionConfigurationPlatforms) = preSolution
		Debug|Any CPU = Debug|Any CPU
		Release|Any CPU = Release|Any CPU
	EndGlobalSection
	GlobalSection(ProjectConfigurationPlatforms) = postSolution
		{3A236307-0A91-4647-9CFC-8CEA34F63107}.Debug|Any CPU.ActiveCfg = Debug|Any CPU
		{3A236307-0A91-4647-9CFC-8CEA34F63107}.Debug|Any CPU.Build.0 = Debug|Any CPU
		{3A236307-0A91-4647-9CFC-8CEA34F63107}.Release|Any CPU.ActiveCfg = Release|Any CPU
		{3A236307-0A91-4647-9CFC-8CEA34F63107}.Release|Any CPU.Build.0 = Release|Any CPU
	EndGlobalSection
	GlobalSection(SolutionProperties) = preSolution
		HideSolutionNode = FALSE
	EndGlobalSection
	GlobalSection(ExtensibilityGlobals) = postSolution
		SolutionGuid = {A44278F9-65F5-4BD6-9A46-10A20EA3AD4F}
	EndGlobalSection
EndGlobal
